Microsoft Visual Studio Solution File, Format Version 11.00
# Visual Studio 2008

Project("{8B2E01F8-AC4F-7FF0-9D5D-56E58CBB9DAB}") = "Conoisin Unity Project", "Assembly-CSharp.csproj", "{1B01CD9E-CF64-8C17-C96E-117B9F9EEBC0}"
EndProject
Global
	GlobalSection(SolutionConfigurationPlatforms) = preSolution
		Debug|Any CPU = Debug|Any CPU
		Release|Any CPU = Release|Any CPU
	EndGlobalSection
	GlobalSection(ProjectConfigurationPlatforms) = postSolution
		{1B01CD9E-CF64-8C17-C96E-117B9F9EEBC0}.Debug|Any CPU.ActiveCfg = Debug|Any CPU
		{1B01CD9E-CF64-8C17-C96E-117B9F9EEBC0}.Debug|Any CPU.Build.0 = Debug|Any CPU
		{1B01CD9E-CF64-8C17-C96E-117B9F9EEBC0}.Release|Any CPU.ActiveCfg = Release|Any CPU
		{1B01CD9E-CF64-8C17-C96E-117B9F9EEBC0}.Release|Any CPU.Build.0 = Release|Any CPU
	EndGlobalSection
	GlobalSection(SolutionProperties) = preSolution
		HideSolutionNode = FALSE
	EndGlobalSection
	GlobalSection(MonoDevelopProperties) = preSolution
		StartupItem = Assembly-CSharp.csproj
	EndGlobalSection
EndGlobal
